
Microsoft Visual Studio Solution File, Format Version 12.00
# Visual Studio Version 16
VisualStudioVersion = 16.0.30907.101
MinimumVisualStudioVersion = 10.0.40219.1
Project("{FAE04EC0-301F-11D3-BF4B-00C04F79EFBC}") = "TravelRecord.Android", "TravelRecord\TravelRecord.Android\TravelRecord.Android.csproj", "{3491DF47-FA50-4164-8D71-C99EBD6E27B7}"
EndProject
Project("{FAE04EC0-301F-11D3-BF4B-00C04F79EFBC}") = "TravelRecord", "TravelRecord\TravelRecord\TravelRecord.csproj", "{9C9F8CD4-7297-4C01-A9A0-B406683B707E}"
EndProject
Global
	GlobalSection(SolutionConfigurationPlatforms) = preSolution
		Debug|Any CPU = Debug|Any CPU
		Debug|iPhone = Debug|iPhone
		Debug|iPhoneSimulator = Debug|iPhoneSimulator
		Release|Any CPU = Release|Any CPU
		Release|iPhone = Release|iPhone
		Release|iPhoneSimulator = Release|iPhoneSimulator
	EndGlobalSection
	GlobalSection(ProjectConfigurationPlatforms) = postSolution
		{3491DF47-FA50-4164-8D71-C99EBD6E27B7}.Debug|Any CPU.ActiveCfg = Debug|Any CPU
		{3491DF47-FA50-4164-8D71-C99EBD6E27B7}.Debug|Any CPU.Build.0 = Debug|Any CPU
		{3491DF47-FA50-4164-8D71-C99EBD6E27B7}.Debug|Any CPU.Deploy.0 = Debug|Any CPU
		{3491DF47-FA50-4164-8D71-C99EBD6E27B7}.Debug|iPhone.ActiveCfg = Debug|Any CPU
		{3491DF47-FA50-4164-8D71-C99EBD6E27B7}.Debug|iPhone.Build.0 = Debug|Any CPU
		{3491DF47-FA50-4164-8D71-C99EBD6E27B7}.Debug|iPhone.Deploy.0 = Debug|Any CPU
		{3491DF47-FA50-4164-8D71-C99EBD6E27B7}.Debug|iPhoneSimulator.ActiveCfg = Debug|Any CPU
		{3491DF47-FA50-4164-8D71-C99EBD6E27B7}.Debug|iPhoneSimulator.Build.0 = Debug|Any CPU
		{3491DF47-FA50-4164-8D71-C99EBD6E27B7}.Debug|iPhoneSimulator.Deploy.0 = Debug|Any CPU
		{3491DF47-FA50-4164-8D71-C99EBD6E27B7}.Release|Any CPU.ActiveCfg = Release|Any CPU
		{3491DF47-FA50-4164-8D71-C99EBD6E27B7}.Release|Any CPU.Build.0 = Release|Any CPU
		{3491DF47-FA50-4164-8D71-C99EBD6E27B7}.Release|Any CPU.Deploy.0 = Release|Any CPU
		{3491DF47-FA50-4164-8D71-C99EBD6E27B7}.Release|iPhone.ActiveCfg = Release|Any CPU
		{3491DF47-FA50-4164-8D71-C99EBD6E27B7}.Release|iPhone.Build.0 = Release|Any CPU
		{3491DF47-FA50-4164-8D71-C99EBD6E27B7}.Release|iPhone.Deploy.0 = Release|Any CPU
		{3491DF47-FA50-4164-8D71-C99EBD6E27B7}.Release|iPhoneSimulator.ActiveCfg = Release|Any CPU
		{3491DF47-FA50-4164-8D71-C99EBD6E27B7}.Release|iPhoneSimulator.Build.0 = Release|Any CPU
		{3491DF47-FA50-4164-8D71-C99EBD6E27B7}.Release|iPhoneSimulator.Deploy.0 = Release|Any CPU
		{9C9F8CD4-7297-4C01-A9A0-B406683B707E}.Debug|Any CPU.ActiveCfg = Debug|Any CPU
		{9C9F8CD4-7297-4C01-A9A0-B406683B707E}.Debug|Any CPU.Build.0 = Debug|Any CPU
		{9C9F8CD4-7297-4C01-A9A0-B406683B707E}.Debug|Any CPU.Deploy.0 = Debug|Any CPU
		{9C9F8CD4-7297-4C01-A9A0-B406683B707E}.Debug|iPhone.ActiveCfg = Debug|Any CPU
		{9C9F8CD4-7297-4C01-A9A0-B406683B707E}.Debug|iPhone.Build.0 = Debug|Any CPU
		{9C9F8CD4-7297-4C01-A9A0-B406683B707E}.Debug|iPhone.Deploy.0 = Debug|Any CPU
		{9C9F8CD4-7297-4C01-A9A0-B406683B707E}.Debug|iPhoneSimulator.ActiveCfg = Debug|Any CPU
		{9C9F8CD4-7297-4C01-A9A0-B406683B707E}.Debug|iPhoneSimulator.Build.0 = Debug|Any CPU
		{9C9F8CD4-7297-4C01-A9A0-B406683B707E}.Debug|iPhoneSimulator.Deploy.0 = Debug|Any CPU
		{9C9F8CD4-7297-4C01-A9A0-B406683B707E}.Release|Any CPU.ActiveCfg = Release|Any CPU
		{9C9F8CD4-7297-4C01-A9A0-B406683B707E}.Release|Any CPU.Build.0 = Release|Any CPU
		{9C9F8CD4-7297-4C01-A9A0-B406683B707E}.Release|Any CPU.Deploy.0 = Release|Any CPU
		{9C9F8CD4-7297-4C01-A9A0-B406683B707E}.Release|iPhone.ActiveCfg = Release|Any CPU
		{9C9F8CD4-7297-4C01-A9A0-B406683B707E}.Release|iPhone.Build.0 = Release|Any CPU
		{9C9F8CD4-7297-4C01-A9A0-B406683B707E}.Release|iPhone.Deploy.0 = Release|Any CPU
		{9C9F8CD4-7297-4C01-A9A0-B406683B707E}.Release|iPhoneSimulator.ActiveCfg = Release|Any CPU
		{9C9F8CD4-7297-4C01-A9A0-B406683B707E}.Release|iPhoneSimulator.Build.0 = Release|Any CPU
		{9C9F8CD4-7297-4C01-A9A0-B406683B707E}.Release|iPhoneSimulator.Deploy.0 = Release|Any CPU
	EndGlobalSection
	GlobalSection(SolutionProperties) = preSolution
		HideSolutionNode = FALSE
	EndGlobalSection
	GlobalSection(ExtensibilityGlobals) = postSolution
		SolutionGuid = {C655ADE0-C1B6-47EE-8AAB-5D83DEE056BE}
	EndGlobalSection
EndGlobal
